// !$*UTF8*$!
{
	archiveVersion = 1;
	classes = {
	};
	objectVersion = 50;
	objects = {

/* Begin PBXBuildFile section */
		44A3A0AA23B0DADE00BBE098 /* AppDelegate.swift in Sources */ = {isa = PBXBuildFile; fileRef = 44A3A0A923B0DADE00BBE098 /* AppDelegate.swift */; };
		44A3A0AC23B0DADE00BBE098 /* SceneDelegate.swift in Sources */ = {isa = PBXBuildFile; fileRef = 44A3A0AB23B0DADE00BBE098 /* SceneDelegate.swift */; };
		44A3A0AE23B0DADE00BBE098 /* ViewController.swift in Sources */ = {isa = PBXBuildFile; fileRef = 44A3A0AD23B0DADE00BBE098 /* ViewController.swift */; };
		44A3A0B123B0DADE00BBE098 /* Main.storyboard in Resources */ = {isa = PBXBuildFile; fileRef = 44A3A0AF23B0DADE00BBE098 /* Main.storyboard */; };
		44A3A0B323B0DAE000BBE098 /* Assets.xcassets in Resources */ = {isa = PBXBuildFile; fileRef = 44A3A0B223B0DAE000BBE098 /* Assets.xcassets */; };
		44A3A0B623B0DAE000BBE098 /* LaunchScreen.storyboard in Resources */ = {isa = PBXBuildFile; fileRef = 44A3A0B423B0DAE000BBE098 /* LaunchScreen.storyboard */; };
		44A3A0C123B0DAE100BBE098 /* CognitevNearByTechnicalTaskTests.swift in Sources */ = {isa = PBXBuildFile; fileRef = 44A3A0C023B0DAE100BBE098 /* CognitevNearByTechnicalTaskTests.swift */; };
/* End PBXBuildFile section */

/* Begin PBXContainerItemProxy section */
		44A3A0BD23B0DAE000BBE098 /* PBXContainerItemProxy */ = {
			isa = PBXContainerItemProxy;
			containerPortal = 44A3A09E23B0DADE00BBE098 /* Project object */;
			proxyType = 1;
			remoteGlobalIDString = 44A3A0A523B0DADE00BBE098;
			remoteInfo = CognitevNearByTechnicalTask;
		};
/* End PBXContainerItemProxy section */

/* Begin PBXFileReference section */
		44A3A0A623B0DADE00BBE098 /* CognitevNearByTechnicalTask.app */ = {isa = PBXFileReference; explicitFileType = wrapper.application; includeInIndex = 0; path = CognitevNearByTechnicalTask.app; sourceTree = BUILT_PRODUCTS_DIR; };
		44A3A0A923B0DADE00BBE098 /* AppDelegate.swift */ = {isa = PBXFileReference; lastKnownFileType = sourcecode.swift; path = AppDelegate.swift; sourceTree = "<group>"; };
		44A3A0AB23B0DADE00BBE098 /* SceneDelegate.swift */ = {isa = PBXFileReference; lastKnownFileType = sourcecode.swift; path = SceneDelegate.swift; sourceTree = "<group>"; };
		44A3A0AD23B0DADE00BBE098 /* ViewController.swift */ = {isa = PBXFileReference; lastKnownFileType = sourcecode.swift; path = ViewController.swift; sourceTree = "<group>"; };
		44A3A0B023B0DADE00BBE098 /* Base */ = {isa = PBXFileReference; lastKnownFileType = file.storyboard; name = Base; path = Base.lproj/Main.storyboard; sourceTree = "<group>"; };
		44A3A0B223B0DAE000BBE098 /* Assets.xcassets */ = {isa = PBXFileReference; lastKnownFileType = folder.assetcatalog; path = Assets.xcassets; sourceTree = "<group>"; };
		44A3A0B523B0DAE000BBE098 /* Base */ = {isa = PBXFileReference; lastKnownFileType = file.storyboard; name = Base; path = Base.lproj/LaunchScreen.storyboard; sourceTree = "<group>"; };
		44A3A0B723B0DAE000BBE098 /* Info.plist */ = {isa = PBXFileReference; lastKnownFileType = text.plist.xml; path = Info.plist; sourceTree = "<group>"; };
		44A3A0BC23B0DAE000BBE098 /* CognitevNearByTechnicalTaskTests.xctest */ = {isa = PBXFileReference; explicitFileType = wrapper.cfbundle; includeInIndex = 0; path = CognitevNearByTechnicalTaskTests.xctest; sourceTree = BUILT_PRODUCTS_DIR; };
		44A3A0C023B0DAE100BBE098 /* CognitevNearByTechnicalTaskTests.swift */ = {isa = PBXFileReference; lastKnownFileType = sourcecode.swift; path = CognitevNearByTechnicalTaskTests.swift; sourceTree = "<group>"; };
		44A3A0C223B0DAE100BBE098 /* Info.plist */ = {isa = PBXFileReference; lastKnownFileType = text.plist.xml; path = Info.plist; sourceTree = "<group>"; };
/* End PBXFileReference section */

/* Begin PBXFrameworksBuildPhase section */
		44A3A0A323B0DADE00BBE098 /* Frameworks */ = {
			isa = PBXFrameworksBuildPhase;
			buildActionMask = 2147483647;
			files = (
			);
			runOnlyForDeploymentPostprocessing = 0;
		};
		44A3A0B923B0DAE000BBE098 /* Frameworks */ = {
			isa = PBXFrameworksBuildPhase;
			buildActionMask = 2147483647;
			files = (
			);
			runOnlyForDeploymentPostprocessing = 0;
		};
/* End PBXFrameworksBuildPhase section */

/* Begin PBXGroup section */
		44A3A09D23B0DADE00BBE098 = {
			isa = PBXGroup;
			children = (
				44A3A0A823B0DADE00BBE098 /* CognitevNearByTechnicalTask */,
				44A3A0BF23B0DAE100BBE098 /* CognitevNearByTechnicalTaskTests */,
				44A3A0A723B0DADE00BBE098 /* Products */,
			);
			sourceTree = "<group>";
		};
		44A3A0A723B0DADE00BBE098 /* Products */ = {
			isa = PBXGroup;
			children = (
				44A3A0A623B0DADE00BBE098 /* CognitevNearByTechnicalTask.app */,
				44A3A0BC23B0DAE000BBE098 /* CognitevNearByTechnicalTaskTests.xctest */,
			);
			name = Products;
			sourceTree = "<group>";
		};
		44A3A0A823B0DADE00BBE098 /* CognitevNearByTechnicalTask */ = {
			isa = PBXGroup;
			children = (
				44A3A0A923B0DADE00BBE098 /* AppDelegate.swift */,
				44A3A0AB23B0DADE00BBE098 /* SceneDelegate.swift */,
				44A3A0AD23B0DADE00BBE098 /* ViewController.swift */,
				44A3A0AF23B0DADE00BBE098 /* Main.storyboard */,
				44A3A0B223B0DAE000BBE098 /* Assets.xcassets */,
				44A3A0B423B0DAE000BBE098 /* LaunchScreen.storyboard */,
				44A3A0B723B0DAE000BBE098 /* Info.plist */,
			);
			path = CognitevNearByTechnicalTask;
			sourceTree = "<group>";
		};
		44A3A0BF23B0DAE100BBE098 /* CognitevNearByTechnicalTaskTests */ = {
			isa = PBXGroup;
			children = (
				44A3A0C023B0DAE100BBE098 /* CognitevNearByTechnicalTaskTests.swift */,
				44A3A0C223B0DAE100BBE098 /* Info.plist */,
			);
			path = CognitevNearByTechnicalTaskTests;
			sourceTree = "<group>";
		};
/* End PBXGroup section */

/* Begin PBXNativeTarget section */
		44A3A0A523B0DADE00BBE098 /* CognitevNearByTechnicalTask */ = {
			isa = PBXNativeTarget;
			buildConfigurationList = 44A3A0C523B0DAE100BBE098 /* Build configuration list for PBXNativeTarget "CognitevNearByTechnicalTask" */;
			buildPhases = (
				44A3A0A223B0DADE00BBE098 /* Sources */,
				44A3A0A323B0DADE00BBE098 /* Frameworks */,
				44A3A0A423B0DADE00BBE098 /* Resources */,
			);
			buildRules = (
			);
			dependencies = (
			);
			name = CognitevNearByTechnicalTask;
			productName = CognitevNearByTechnicalTask;
			productReference = 44A3A0A623B0DADE00BBE098 /* CognitevNearByTechnicalTask.app */;
			productType = "com.apple.product-type.application";
		};
		44A3A0BB23B0DAE000BBE098 /* CognitevNearByTechnicalTaskTests */ = {
			isa = PBXNativeTarget;
			buildConfigurationList = 44A3A0C823B0DAE100BBE098 /* Build configuration list for PBXNativeTarget "CognitevNearByTechnicalTaskTests" */;
			buildPhases = (
				44A3A0B823B0DAE000BBE098 /* Sources */,
				44A3A0B923B0DAE000BBE098 /* Frameworks */,
				44A3A0BA23B0DAE000BBE098 /* Resources */,
			);
			buildRules = (
			);
			dependencies = (
				44A3A0BE23B0DAE000BBE098 /* PBXTargetDependency */,
			);
			name = CognitevNearByTechnicalTaskTests;
			productName = CognitevNearByTechnicalTaskTests;
			productReference = 44A3A0BC23B0DAE000BBE098 /* CognitevNearByTechnicalTaskTests.xctest */;
			productType = "com.apple.product-type.bundle.unit-test";
		};
/* End PBXNativeTarget section */

/* Begin PBXProject section */
		44A3A09E23B0DADE00BBE098 /* Project object */ = {
			isa = PBXProject;
			attributes = {
				LastSwiftUpdateCheck = 1120;
				LastUpgradeCheck = 1120;
				ORGANIZATIONNAME = "Mohamed Shaikhon";
				TargetAttributes = {
					44A3A0A523B0DADE00BBE098 = {
						CreatedOnToolsVersion = 11.2.1;
					};
					44A3A0BB23B0DAE000BBE098 = {
						CreatedOnToolsVersion = 11.2.1;
						TestTargetID = 44A3A0A523B0DADE00BBE098;
					};
				};
			};
			buildConfigurationList = 44A3A0A123B0DADE00BBE098 /* Build configuration list for PBXProject "CognitevNearByTechnicalTask" */;
			compatibilityVersion = "Xcode 9.3";
			developmentRegion = en;
			hasScannedForEncodings = 0;
			knownRegions = (
				en,
				Base,
			);
			mainGroup = 44A3A09D23B0DADE00BBE098;
			productRefGroup = 44A3A0A723B0DADE00BBE098 /* Products */;
			projectDirPath = "";
			projectRoot = "";
			targets = (
				44A3A0A523B0DADE00BBE098 /* CognitevNearByTechnicalTask */,
				44A3A0BB23B0DAE000BBE098 /* CognitevNearByTechnicalTaskTests */,
			);
		};
/* End PBXProject section */

/* Begin PBXResourcesBuildPhase section */
		44A3A0A423B0DADE00BBE098 /* Resources */ = {
			isa = PBXResourcesBuildPhase;
			buildActionMask = 2147483647;
			files = (
				44A3A0B623B0DAE000BBE098 /* LaunchScreen.storyboard in Resources */,
				44A3A0B323B0DAE000BBE098 /* Assets.xcassets in Resources */,
				44A3A0B123B0DADE00BBE098 /* Main.storyboard in Resources */,
			);
			runOnlyForDeploymentPostprocessing = 0;
		};
		44A3A0BA23B0DAE000BBE098 /* Resources */ = {
			isa = PBXResourcesBuildPhase;
			buildActionMask = 2147483647;
			files = (
			);
			runOnlyForDeploymentPostprocessing = 0;
		};
/* End PBXResourcesBuildPhase section */

/* Begin PBXSourcesBuildPhase section */
		44A3A0A223B0DADE00BBE098 /* Sources */ = {
			isa = PBXSourcesBuildPhase;
			buildActionMask = 2147483647;
			files = (
				44A3A0AE23B0DADE00BBE098 /* ViewController.swift in Sources */,
				44A3A0AA23B0DADE00BBE098 /* AppDelegate.swift in Sources */,
				44A3A0AC23B0DADE00BBE098 /* SceneDelegate.swift in Sources */,
			);
			runOnlyForDeploymentPostprocessing = 0;
		};
		44A3A0B823B0DAE000BBE098 /* Sources */ = {
			isa = PBXSourcesBuildPhase;
			buildActionMask = 2147483647;
			files = (
				44A3A0C123B0DAE100BBE098 /* CognitevNearByTechnicalTaskTests.swift in Sources */,
			);
			runOnlyForDeploymentPostprocessing = 0;
		};
/* End PBXSourcesBuildPhase section */

/* Begin PBXTargetDependency section */
		44A3A0BE23B0DAE000BBE098 /* PBXTargetDependency */ = {
			isa = PBXTargetDependency;
			target = 44A3A0A523B0DADE00BBE098 /* CognitevNearByTechnicalTask */;
			targetProxy = 44A3A0BD23B0DAE000BBE098 /* PBXContainerItemProxy */;
		};
/* End PBXTargetDependency section */

/* Begin PBXVariantGroup section */
		44A3A0AF23B0DADE00BBE098 /* Main.storyboard */ = {
			isa = PBXVariantGroup;
			children = (
				44A3A0B023B0DADE00BBE098 /* Base */,
			);
			name = Main.storyboard;
			sourceTree = "<group>";
		};
		44A3A0B423B0DAE000BBE098 /* LaunchScreen.storyboard */ = {
			isa = PBXVariantGroup;
			children = (
				44A3A0B523B0DAE000BBE098 /* Base */,
			);
			name = LaunchScreen.storyboard;
			sourceTree = "<group>";
		};
/* End PBXVariantGroup section */

/* Begin XCBuildConfiguration section */
		44A3A0C323B0DAE100BBE098 /* Debug */ = {
			isa = XCBuildConfiguration;
			buildSettings = {
				ALWAYS_SEARCH_USER_PATHS = NO;
				CLANG_ANALYZER_NONNULL = YES;
				CLANG_ANALYZER_NUMBER_OBJECT_CONVERSION = YES_AGGRESSIVE;
				CLANG_CXX_LANGUAGE_STANDARD = "gnu++14";
				CLANG_CXX_LIBRARY = "libc++";
				CLANG_ENABLE_MODULES = YES;
				CLANG_ENABLE_OBJC_ARC = YES;
				CLANG_ENABLE_OBJC_WEAK = YES;
				CLANG_WARN_BLOCK_CAPTURE_AUTORELEASING = YES;
				CLANG_WARN_BOOL_CONVERSION = YES;
				CLANG_WARN_COMMA = YES;
				CLANG_WARN_CONSTANT_CONVERSION = YES;
				CLANG_WARN_DEPRECATED_OBJC_IMPLEMENTATIONS = YES;
				CLANG_WARN_DIRECT_OBJC_ISA_USAGE = YES_ERROR;
				CLANG_WARN_DOCUMENTATION_COMMENTS = YES;
				CLANG_WARN_EMPTY_BODY = YES;
				CLANG_WARN_ENUM_CONVERSION = YES;
				CLANG_WARN_INFINITE_RECURSION = YES;
				CLANG_WARN_INT_CONVERSION = YES;
				CLANG_WARN_NON_LITERAL_NULL_CONVERSION = YES;
				CLANG_WARN_OBJC_IMPLICIT_RETAIN_SELF = YES;
				CLANG_WARN_OBJC_LITERAL_CONVERSION = YES;
				CLANG_WARN_OBJC_ROOT_CLASS = YES_ERROR;
				CLANG_WARN_RANGE_LOOP_ANALYSIS = YES;
				CLANG_WARN_STRICT_PROTOTYPES = YES;
				CLANG_WARN_SUSPICIOUS_MOVE = YES;
				CLANG_WARN_UNGUARDED_AVAILABILITY = YES_AGGRESSIVE;
				CLANG_WARN_UNREACHABLE_CODE = YES;
				CLANG_WARN__DUPLICATE_METHOD_MATCH = YES;
				COPY_PHASE_STRIP = NO;
				DEBUG_INFORMATION_FORMAT = dwarf;
				ENABLE_STRICT_OBJC_MSGSEND = YES;
				ENABLE_TESTABILITY = YES;
				GCC_C_LANGUAGE_STANDARD = gnu11;
				GCC_DYNAMIC_NO_PIC = NO;
				GCC_NO_COMMON_BLOCKS = YES;
				GCC_OPTIMIZATION_LEVEL = 0;
				GCC_PREPROCESSOR_DEFINITIONS = (
					"DEBUG=1",
					"$(inherited)",
				);
				GCC_WARN_64_TO_32_BIT_CONVERSION = YES;
				GCC_WARN_ABOUT_RETURN_TYPE = YES_ERROR;
				GCC_WARN_UNDECLARED_SELECTOR = YES;
				GCC_WARN_UNINITIALIZED_AUTOS = YES_AGGRESSIVE;
				GCC_WARN_UNUSED_FUNCTION = YES;
				GCC_WARN_UNUSED_VARIABLE = YES;
				IPHONEOS_DEPLOYMENT_TARGET = 13.2;
				MTL_ENABLE_DEBUG_INFO = INCLUDE_SOURCE;
				MTL_FAST_MATH = YES;
				ONLY_ACTIVE_ARCH = YES;
				SDKROOT = iphoneos;
				SWIFT_ACTIVE_COMPILATION_CONDITIONS = DEBUG;
				SWIFT_OPTIMIZATION_LEVEL = "-Onone";
			};
			name = Debug;
		};
		44A3A0C423B0DAE100BBE098 /* Release */ = {
			isa = XCBuildConfiguration;
			buildSettings = {
				ALWAYS_SEARCH_USER_PATHS = NO;
				CLANG_ANALYZER_NONNULL = YES;
				CLANG_ANALYZER_NUMBER_OBJECT_CONVERSION = YES_AGGRESSIVE;
				CLANG_CXX_LANGUAGE_STANDARD = "gnu++14";
				CLANG_CXX_LIBRARY = "libc++";
				CLANG_ENABLE_MODULES = YES;
				CLANG_ENABLE_OBJC_ARC = YES;
				CLANG_ENABLE_OBJC_WEAK = YES;
				CLANG_WARN_BLOCK_CAPTURE_AUTORELEASING = YES;
				CLANG_WARN_BOOL_CONVERSION = YES;
				CLANG_WARN_COMMA = YES;
				CLANG_WARN_CONSTANT_CONVERSION = YES;
				CLANG_WARN_DEPRECATED_OBJC_IMPLEMENTATIONS = YES;
				CLANG_WARN_DIRECT_OBJC_ISA_USAGE = YES_ERROR;
				CLANG_WARN_DOCUMENTATION_COMMENTS = YES;
				CLANG_WARN_EMPTY_BODY = YES;
				CLANG_WARN_ENUM_CONVERSION = YES;
				CLANG_WARN_INFINITE_RECURSION = YES;
				CLANG_WARN_INT_CONVERSION = YES;
				CLANG_WARN_NON_LITERAL_NULL_CONVERSION = YES;
				CLANG_WARN_OBJC_IMPLICIT_RETAIN_SELF = YES;
				CLANG_WARN_OBJC_LITERAL_CONVERSION = YES;
				CLANG_WARN_OBJC_ROOT_CLASS = YES_ERROR;
				CLANG_WARN_RANGE_LOOP_ANALYSIS = YES;
				CLANG_WARN_STRICT_PROTOTYPES = YES;
				CLANG_WARN_SUSPICIOUS_MOVE = YES;
				CLANG_WARN_UNGUARDED_AVAILABILITY = YES_AGGRESSIVE;
				CLANG_WARN_UNREACHABLE_CODE = YES;
				CLANG_WARN__DUPLICATE_METHOD_MATCH = YES;
				COPY_PHASE_STRIP = NO;
				DEBUG_INFORMATION_FORMAT = "dwarf-with-dsym";
				ENABLE_NS_ASSERTIONS = NO;
				ENABLE_STRICT_OBJC_MSGSEND = YES;
				GCC_C_LANGUAGE_STANDARD = gnu11;
				GCC_NO_COMMON_BLOCKS = YES;
				GCC_WARN_64_TO_32_BIT_CONVERSION = YES;
				GCC_WARN_ABOUT_RETURN_TYPE = YES_ERROR;
				GCC_WARN_UNDECLARED_SELECTOR = YES;
				GCC_WARN_UNINITIALIZED_AUTOS = YES_AGGRESSIVE;
				GCC_WARN_UNUSED_FUNCTION = YES;
				GCC_WARN_UNUSED_VARIABLE = YES;
				IPHONEOS_DEPLOYMENT_TARGET = 13.2;
				MTL_ENABLE_DEBUG_INFO = NO;
				MTL_FAST_MATH = YES;
				SDKROOT = iphoneos;
				SWIFT_COMPILATION_MODE = wholemodule;
				SWIFT_OPTIMIZATION_LEVEL = "-O";
				VALIDATE_PRODUCT = YES;
			};
			name = Release;
		};
		44A3A0C623B0DAE100BBE098 /* Debug */ = {
			isa = XCBuildConfiguration;
			buildSettings = {
				ASSETCATALOG_COMPILER_APPICON_NAME = AppIcon;
				CODE_SIGN_STYLE = Automatic;
				DEVELOPMENT_TEAM = WRCAKP4R2G;
				INFOPLIST_FILE = CognitevNearByTechnicalTask/Info.plist;
				LD_RUNPATH_SEARCH_PATHS = (
					"$(inherited)",
					"@executable_path/Frameworks",
				);
				PRODUCT_BUNDLE_IDENTIFIER = Mohamed.Shaikhon.CognitevNearByTechnicalTask;
				PRODUCT_NAME = "$(TARGET_NAME)";
				SWIFT_VERSION = 5.0;
				TARGETED_DEVICE_FAMILY = "1,2";
			};
			name = Debug;
		};
		44A3A0C723B0DAE100BBE098 /* Release */ = {
			isa = XCBuildConfiguration;
			buildSettings = {
				ASSETCATALOG_COMPILER_APPICON_NAME = AppIcon;
				CODE_SIGN_STYLE = Automatic;
				DEVELOPMENT_TEAM = WRCAKP4R2G;
				INFOPLIST_FILE = CognitevNearByTechnicalTask/Info.plist;
				LD_RUNPATH_SEARCH_PATHS = (
					"$(inherited)",
					"@executable_path/Frameworks",
				);
				PRODUCT_BUNDLE_IDENTIFIER = Mohamed.Shaikhon.CognitevNearByTechnicalTask;
				PRODUCT_NAME = "$(TARGET_NAME)";
				SWIFT_VERSION = 5.0;
				TARGETED_DEVICE_FAMILY = "1,2";
			};
			name = Release;
		};
		44A3A0C923B0DAE100BBE098 /* Debug */ = {
			isa = XCBuildConfiguration;
			buildSettings = {
				ALWAYS_EMBED_SWIFT_STANDARD_LIBRARIES = YES;
				BUNDLE_LOADER = "$(TEST_HOST)";
				CODE_SIGN_STYLE = Automatic;
				DEVELOPMENT_TEAM = WRCAKP4R2G;
				INFOPLIST_FILE = CognitevNearByTechnicalTaskTests/Info.plist;
				IPHONEOS_DEPLOYMENT_TARGET = 13.2;
				LD_RUNPATH_SEARCH_PATHS = (
					"$(inherited)",
					"@executable_path/Frameworks",
					"@loader_path/Frameworks",
				);
				PRODUCT_BUNDLE_IDENTIFIER = Mohamed.Shaikhon.CognitevNearByTechnicalTaskTests;
				PRODUCT_NAME = "$(TARGET_NAME)";
				SWIFT_VERSION = 5.0;
				TARGETED_DEVICE_FAMILY = "1,2";
				TEST_HOST = "$(BUILT_PRODUCTS_DIR)/CognitevNearByTechnicalTask.app/CognitevNearByTechnicalTask";
			};
			name = Debug;
		};
		44A3A0CA23B0DAE100BBE098 /* Release */ = {
			isa = XCBuildConfiguration;
			buildSettings = {
				ALWAYS_EMBED_SWIFT_STANDARD_LIBRARIES = YES;
				BUNDLE_LOADER = "$(TEST_HOST)";
				CODE_SIGN_STYLE = Automatic;
				DEVELOPMENT_TEAM = WRCAKP4R2G;
				INFOPLIST_FILE = CognitevNearByTechnicalTaskTests/Info.plist;
				IPHONEOS_DEPLOYMENT_TARGET = 13.2;
				LD_RUNPATH_SEARCH_PATHS = (
					"$(inherited)",
					"@executable_path/Frameworks",
					"@loader_path/Frameworks",
				);
				PRODUCT_BUNDLE_IDENTIFIER = Mohamed.Shaikhon.CognitevNearByTechnicalTaskTests;
				PRODUCT_NAME = "$(TARGET_NAME)";
				SWIFT_VERSION = 5.0;
				TARGETED_DEVICE_FAMILY = "1,2";
				TEST_HOST = "$(BUILT_PRODUCTS_DIR)/CognitevNearByTechnicalTask.app/CognitevNearByTechnicalTask";
			};
			name = Release;
		};
/* End XCBuildConfiguration section */

/* Begin XCConfigurationList section */
		44A3A0A123B0DADE00BBE098 /* Build configuration list for PBXProject "CognitevNearByTechnicalTask" */ = {
			isa = XCConfigurationList;
			buildConfigurations = (
				44A3A0C323B0DAE100BBE098 /* Debug */,
				44A3A0C423B0DAE100BBE098 /* Release */,
			);
			defaultConfigurationIsVisible = 0;
			defaultConfigurationName = Release;
		};
		44A3A0C523B0DAE100BBE098 /* Build configuration list for PBXNativeTarget "CognitevNearByTechnicalTask" */ = {
			isa = XCConfigurationList;
			buildConfigurations = (
				44A3A0C623B0DAE100BBE098 /* Debug */,
				44A3A0C723B0DAE100BBE098 /* Release */,
			);
			defaultConfigurationIsVisible = 0;
			defaultConfigurationName = Release;
		};
		44A3A0C823B0DAE100BBE098 /* Build configuration list for PBXNativeTarget "CognitevNearByTechnicalTaskTests" */ = {
			isa = XCConfigurationList;
			buildConfigurations = (
				44A3A0C923B0DAE100BBE098 /* Debug */,
				44A3A0CA23B0DAE100BBE098 /* Release */,
			);
			defaultConfigurationIsVisible = 0;
			defaultConfigurationName = Release;
		};
/* End XCConfigurationList section */
	};
	rootObject = 44A3A09E23B0DADE00BBE098 /* Project object */;
}
